
Microsoft Visual Studio Solution File, Format Version 12.00
# Visual Studio Version 17
VisualStudioVersion = 17.5.33627.172
MinimumVisualStudioVersion = 10.0.40219.1
Project("{9A19103F-16F7-4668-BE54-9A1E7A4F7556}") = "DominosRemake.Web", "DominosRemake.Web\DominosRemake.Web.csproj", "{617BA327-6072-451B-AFEC-475C9057E448}"
EndProject
Project("{E53339B2-1760-4266-BCC7-CA923CBCF16C}") = "docker-compose", "docker-compose.dcproj", "{6C407CFA-4412-46B0-9BC4-B34701DC3835}"
EndProject
Project("{9A19103F-16F7-4668-BE54-9A1E7A4F7556}") = "DominosRemake.Infrastructure", "DominosRemake.Infrastructure\DominosRemake.Infrastructure.csproj", "{C52AA4DE-B7AA-4894-A972-BD3EFFB7F400}"
EndProject
Project("{9A19103F-16F7-4668-BE54-9A1E7A4F7556}") = "DominosRemake.Identity", "DominosRemake.Identity\DominosRemake.Identity.csproj", "{14E245A0-1973-48A7-85AA-377A68169C5B}"
EndProject
Project("{FAE04EC0-301F-11D3-BF4B-00C04F79EFBC}") = "DominosRemake.Tests", "..\DominosRemake.Tests\DominosRemake.Tests.csproj", "{BB6A6772-508A-4BCF-88F3-E772435F2E4F}"
EndProject
Global
	GlobalSection(SolutionConfigurationPlatforms) = preSolution
		Debug|Any CPU = Debug|Any CPU
		Release|Any CPU = Release|Any CPU
	EndGlobalSection
	GlobalSection(ProjectConfigurationPlatforms) = postSolution
		{617BA327-6072-451B-AFEC-475C9057E448}.Debug|Any CPU.ActiveCfg = Debug|Any CPU
		{617BA327-6072-451B-AFEC-475C9057E448}.Debug|Any CPU.Build.0 = Debug|Any CPU
		{617BA327-6072-451B-AFEC-475C9057E448}.Release|Any CPU.ActiveCfg = Release|Any CPU
		{617BA327-6072-451B-AFEC-475C9057E448}.Release|Any CPU.Build.0 = Release|Any CPU
		{6C407CFA-4412-46B0-9BC4-B34701DC3835}.Debug|Any CPU.ActiveCfg = Debug|Any CPU
		{6C407CFA-4412-46B0-9BC4-B34701DC3835}.Debug|Any CPU.Build.0 = Debug|Any CPU
		{6C407CFA-4412-46B0-9BC4-B34701DC3835}.Release|Any CPU.ActiveCfg = Release|Any CPU
		{6C407CFA-4412-46B0-9BC4-B34701DC3835}.Release|Any CPU.Build.0 = Release|Any CPU
		{C52AA4DE-B7AA-4894-A972-BD3EFFB7F400}.Debug|Any CPU.ActiveCfg = Debug|Any CPU
		{C52AA4DE-B7AA-4894-A972-BD3EFFB7F400}.Debug|Any CPU.Build.0 = Debug|Any CPU
		{C52AA4DE-B7AA-4894-A972-BD3EFFB7F400}.Release|Any CPU.ActiveCfg = Release|Any CPU
		{C52AA4DE-B7AA-4894-A972-BD3EFFB7F400}.Release|Any CPU.Build.0 = Release|Any CPU
		{14E245A0-1973-48A7-85AA-377A68169C5B}.Debug|Any CPU.ActiveCfg = Debug|Any CPU
		{14E245A0-1973-48A7-85AA-377A68169C5B}.Debug|Any CPU.Build.0 = Debug|Any CPU
		{14E245A0-1973-48A7-85AA-377A68169C5B}.Release|Any CPU.ActiveCfg = Release|Any CPU
		{14E245A0-1973-48A7-85AA-377A68169C5B}.Release|Any CPU.Build.0 = Release|Any CPU
		{BB6A6772-508A-4BCF-88F3-E772435F2E4F}.Debug|Any CPU.ActiveCfg = Debug|Any CPU
		{BB6A6772-508A-4BCF-88F3-E772435F2E4F}.Debug|Any CPU.Build.0 = Debug|Any CPU
		{BB6A6772-508A-4BCF-88F3-E772435F2E4F}.Release|Any CPU.ActiveCfg = Release|Any CPU
		{BB6A6772-508A-4BCF-88F3-E772435F2E4F}.Release|Any CPU.Build.0 = Release|Any CPU
	EndGlobalSection
	GlobalSection(SolutionProperties) = preSolution
		HideSolutionNode = FALSE
	EndGlobalSection
	GlobalSection(ExtensibilityGlobals) = postSolution
		SolutionGuid = {BA228C4B-DF89-4C77-8AB1-B7A9DAFFE6A3}
	EndGlobalSection
EndGlobal
